
Microsoft Visual Studio Solution File, Format Version 12.00
# Visual Studio Version 16
VisualStudioVersion = 16.0.32510.428
MinimumVisualStudioVersion = 10.0.40219.1
Project("{FAE04EC0-301F-11D3-BF4B-00C04F79EFBC}") = "AidenHelper", "AidenHelper.csproj", "{9F52AAAB-41C8-4E99-B929-D1530A9E27B3}"
EndProject
Global
	GlobalSection(SolutionConfigurationPlatforms) = preSolution
		Debug|Any CPU = Debug|Any CPU
		Release|Any CPU = Release|Any CPU
	EndGlobalSection
	GlobalSection(ProjectConfigurationPlatforms) = postSolution
		{9F52AAAB-41C8-4E99-B929-D1530A9E27B3}.Debug|Any CPU.ActiveCfg = Debug|Any CPU
		{9F52AAAB-41C8-4E99-B929-D1530A9E27B3}.Debug|Any CPU.Build.0 = Debug|Any CPU
		{9F52AAAB-41C8-4E99-B929-D1530A9E27B3}.Release|Any CPU.ActiveCfg = Release|Any CPU
		{9F52AAAB-41C8-4E99-B929-D1530A9E27B3}.Release|Any CPU.Build.0 = Release|Any CPU
	EndGlobalSection
	GlobalSection(SolutionProperties) = preSolution
		HideSolutionNode = FALSE
	EndGlobalSection
	GlobalSection(ExtensibilityGlobals) = postSolution
		SolutionGuid = {D596D01D-15D5-49E1-B20E-6C165C7C5BFA}
	EndGlobalSection
EndGlobal
